
Microsoft Visual Studio Solution File, Format Version 12.00
# Visual Studio 15
VisualStudioVersion = 15.0.28307.329
MinimumVisualStudioVersion = 10.0.40219.1
Project("{FAE04EC0-301F-11D3-BF4B-00C04F79EFBC}") = "ListWork", "ListWork\ListWork.csproj", "{4A09215C-CFDE-4B4A-A4D8-7FEFAD42451B}"
EndProject
Global
	GlobalSection(SolutionConfigurationPlatforms) = preSolution
		Debug|Any CPU = Debug|Any CPU
		Release|Any CPU = Release|Any CPU
	EndGlobalSection
	GlobalSection(ProjectConfigurationPlatforms) = postSolution
		{4A09215C-CFDE-4B4A-A4D8-7FEFAD42451B}.Debug|Any CPU.ActiveCfg = Debug|Any CPU
		{4A09215C-CFDE-4B4A-A4D8-7FEFAD42451B}.Debug|Any CPU.Build.0 = Debug|Any CPU
		{4A09215C-CFDE-4B4A-A4D8-7FEFAD42451B}.Release|Any CPU.ActiveCfg = Release|Any CPU
		{4A09215C-CFDE-4B4A-A4D8-7FEFAD42451B}.Release|Any CPU.Build.0 = Release|Any CPU
	EndGlobalSection
	GlobalSection(SolutionProperties) = preSolution
		HideSolutionNode = FALSE
	EndGlobalSection
	GlobalSection(ExtensibilityGlobals) = postSolution
		SolutionGuid = {0EEDAFBB-8526-449F-A20A-3A43A710A31D}
	EndGlobalSection
EndGlobal
